
Microsoft Visual Studio Solution File, Format Version 12.00
# Visual Studio Version 17
VisualStudioVersion = 17.0.31903.59
MinimumVisualStudioVersion = 10.0.40219.1
Project("{FAE04EC0-301F-11D3-BF4B-00C04F79EFBC}") = "ECommerceWeb", "ECommerceWeb\ECommerceWeb.csproj", "{EEC4BC9D-0588-4063-B1F0-5AA334C93ADE}"
EndProject
Project("{FAE04EC0-301F-11D3-BF4B-00C04F79EFBC}") = "ECommerceAdmin", "ECommerceAdmin\ECommerceAdmin.csproj", "{D92ED70E-BB52-42D0-BF66-555290F3C106}"
EndProject
Global
	GlobalSection(SolutionConfigurationPlatforms) = preSolution
		Debug|Any CPU = Debug|Any CPU
		Release|Any CPU = Release|Any CPU
	EndGlobalSection
	GlobalSection(SolutionProperties) = preSolution
		HideSolutionNode = FALSE
	EndGlobalSection
	GlobalSection(ProjectConfigurationPlatforms) = postSolution
		{EEC4BC9D-0588-4063-B1F0-5AA334C93ADE}.Debug|Any CPU.ActiveCfg = Debug|Any CPU
		{EEC4BC9D-0588-4063-B1F0-5AA334C93ADE}.Debug|Any CPU.Build.0 = Debug|Any CPU
		{EEC4BC9D-0588-4063-B1F0-5AA334C93ADE}.Release|Any CPU.ActiveCfg = Release|Any CPU
		{EEC4BC9D-0588-4063-B1F0-5AA334C93ADE}.Release|Any CPU.Build.0 = Release|Any CPU
		{D92ED70E-BB52-42D0-BF66-555290F3C106}.Debug|Any CPU.ActiveCfg = Debug|Any CPU
		{D92ED70E-BB52-42D0-BF66-555290F3C106}.Debug|Any CPU.Build.0 = Debug|Any CPU
		{D92ED70E-BB52-42D0-BF66-555290F3C106}.Release|Any CPU.ActiveCfg = Release|Any CPU
		{D92ED70E-BB52-42D0-BF66-555290F3C106}.Release|Any CPU.Build.0 = Release|Any CPU
	EndGlobalSection
EndGlobal
